{
  "requires": true,
  "lockfileVersion": 1,
  "dependencies": {
    "aframe-href-component": {
      "version": "0.5.1",
      "resolved": "https://registry.npmjs.org/aframe-href-component/-/aframe-href-component-0.5.1.tgz",
      "integrity": "sha1-PNRqo0CJ9VFUaJEXjjPEe0JltqU="
    },
    "threebox-plugin": {
      "version": "2.2.6",
      "resolved": "https://registry.npmjs.org/threebox-plugin/-/threebox-plugin-2.2.6.tgz",
      "integrity": "sha512-/wIRuFKtCJZCkCqmN7mVqSgD+5r7L88ZniXXgQjkQctCHdESLduNmRBLFbM86zEp4l+RDVVmDroKMYApwf/kCw=="
    }
  }
}
